
Microsoft Visual Studio Solution File, Format Version 12.00
# Visual Studio Version 17
VisualStudioVersion = 17.13.35931.197
MinimumVisualStudioVersion = 10.0.40219.1
Project("{FAE04EC0-301F-11D3-BF4B-00C04F79EFBC}") = "CafeManagement", "CafeManagement\CafeManagement.csproj", "{0A44C9FD-2ED2-4596-BFBC-D04B88228D60}"
EndProject
Project("{FAE04EC0-301F-11D3-BF4B-00C04F79EFBC}") = "CafeManagementTest", "CafeManagementTest\CafeManagementTest.csproj", "{07D2F527-4F91-4938-B8FC-29B2C82D84BE}"
EndProject
Global
	GlobalSection(SolutionConfigurationPlatforms) = preSolution
		Debug|Any CPU = Debug|Any CPU
		Release|Any CPU = Release|Any CPU
	EndGlobalSection
	GlobalSection(ProjectConfigurationPlatforms) = postSolution
		{0A44C9FD-2ED2-4596-BFBC-D04B88228D60}.Debug|Any CPU.ActiveCfg = Debug|Any CPU
		{0A44C9FD-2ED2-4596-BFBC-D04B88228D60}.Debug|Any CPU.Build.0 = Debug|Any CPU
		{0A44C9FD-2ED2-4596-BFBC-D04B88228D60}.Release|Any CPU.ActiveCfg = Release|Any CPU
		{0A44C9FD-2ED2-4596-BFBC-D04B88228D60}.Release|Any CPU.Build.0 = Release|Any CPU
		{07D2F527-4F91-4938-B8FC-29B2C82D84BE}.Debug|Any CPU.ActiveCfg = Debug|Any CPU
		{07D2F527-4F91-4938-B8FC-29B2C82D84BE}.Debug|Any CPU.Build.0 = Debug|Any CPU
		{07D2F527-4F91-4938-B8FC-29B2C82D84BE}.Release|Any CPU.ActiveCfg = Release|Any CPU
		{07D2F527-4F91-4938-B8FC-29B2C82D84BE}.Release|Any CPU.Build.0 = Release|Any CPU
	EndGlobalSection
	GlobalSection(SolutionProperties) = preSolution
		HideSolutionNode = FALSE
	EndGlobalSection
	GlobalSection(ExtensibilityGlobals) = postSolution
		SolutionGuid = {65232666-B91E-4722-A920-E02757629F28}
	EndGlobalSection
EndGlobal
